// !$*UTF8*$!
{
	archiveVersion = 1;
	classes = {
	};
	objectVersion = 46;
	objects = {

/* Begin PBXBuildFile section */
		05CD14691BBE8FEA00AF4030 /* AppDelegate.swift in Sources */ = {isa = PBXBuildFile; fileRef = 05CD14681BBE8FEA00AF4030 /* AppDelegate.swift */; };
		05CD146B1BBE8FEA00AF4030 /* ViewController.swift in Sources */ = {isa = PBXBuildFile; fileRef = 05CD146A1BBE8FEA00AF4030 /* ViewController.swift */; };
		05CD14701BBE8FEA00AF4030 /* Assets.xcassets in Resources */ = {isa = PBXBuildFile; fileRef = 05CD146F1BBE8FEA00AF4030 /* Assets.xcassets */; };
		05CD14731BBE8FEA00AF4030 /* LaunchScreen.storyboard in Resources */ = {isa = PBXBuildFile; fileRef = 05CD14711BBE8FEA00AF4030 /* LaunchScreen.storyboard */; };
		05FAB8BE1BBEF115004922F1 /* NavigationController.swift in Sources */ = {isa = PBXBuildFile; fileRef = 05FAB8BD1BBEF115004922F1 /* NavigationController.swift */; };
		CF3B5FF525588D9F00B1D7F6 /* DGElasticPullToRefreshLoadingViewCircle.swift in Sources */ = {isa = PBXBuildFile; fileRef = CF3B5FF025588D9F00B1D7F6 /* DGElasticPullToRefreshLoadingViewCircle.swift */; };
		CF3B5FF625588D9F00B1D7F6 /* DGElasticPullToRefreshView.swift in Sources */ = {isa = PBXBuildFile; fileRef = CF3B5FF125588D9F00B1D7F6 /* DGElasticPullToRefreshView.swift */; };
		CF3B5FF725588D9F00B1D7F6 /* DGElasticPullToRefreshConstants.swift in Sources */ = {isa = PBXBuildFile; fileRef = CF3B5FF225588D9F00B1D7F6 /* DGElasticPullToRefreshConstants.swift */; };
		CF3B5FF825588D9F00B1D7F6 /* DGElasticPullToRefreshExtensions.swift in Sources */ = {isa = PBXBuildFile; fileRef = CF3B5FF325588D9F00B1D7F6 /* DGElasticPullToRefreshExtensions.swift */; };
		CF3B5FF925588D9F00B1D7F6 /* DGElasticPullToRefreshLoadingView.swift in Sources */ = {isa = PBXBuildFile; fileRef = CF3B5FF425588D9F00B1D7F6 /* DGElasticPullToRefreshLoadingView.swift */; };
/* End PBXBuildFile section */

/* Begin PBXFileReference section */
		05CD14651BBE8FEA00AF4030 /* PSElasticPullToRefreshExample.app */ = {isa = PBXFileReference; explicitFileType = wrapper.application; includeInIndex = 0; path = PSElasticPullToRefreshExample.app; sourceTree = BUILT_PRODUCTS_DIR; };
		05CD14681BBE8FEA00AF4030 /* AppDelegate.swift */ = {isa = PBXFileReference; lastKnownFileType = sourcecode.swift; path = AppDelegate.swift; sourceTree = "<group>"; };
		05CD146A1BBE8FEA00AF4030 /* ViewController.swift */ = {isa = PBXFileReference; lastKnownFileType = sourcecode.swift; path = ViewController.swift; sourceTree = "<group>"; };
		05CD146F1BBE8FEA00AF4030 /* Assets.xcassets */ = {isa = PBXFileReference; lastKnownFileType = folder.assetcatalog; path = Assets.xcassets; sourceTree = "<group>"; };
		05CD14721BBE8FEA00AF4030 /* Base */ = {isa = PBXFileReference; lastKnownFileType = file.storyboard; name = Base; path = Base.lproj/LaunchScreen.storyboard; sourceTree = "<group>"; };
		05CD14741BBE8FEA00AF4030 /* Info.plist */ = {isa = PBXFileReference; lastKnownFileType = text.plist.xml; path = Info.plist; sourceTree = "<group>"; };
		05FAB8BD1BBEF115004922F1 /* NavigationController.swift */ = {isa = PBXFileReference; fileEncoding = 4; lastKnownFileType = sourcecode.swift; path = NavigationController.swift; sourceTree = "<group>"; };
		CF3B5FF025588D9F00B1D7F6 /* DGElasticPullToRefreshLoadingViewCircle.swift */ = {isa = PBXFileReference; fileEncoding = 4; lastKnownFileType = sourcecode.swift; path = DGElasticPullToRefreshLoadingViewCircle.swift; sourceTree = "<group>"; };
		CF3B5FF125588D9F00B1D7F6 /* DGElasticPullToRefreshView.swift */ = {isa = PBXFileReference; fileEncoding = 4; lastKnownFileType = sourcecode.swift; path = DGElasticPullToRefreshView.swift; sourceTree = "<group>"; };
		CF3B5FF225588D9F00B1D7F6 /* DGElasticPullToRefreshConstants.swift */ = {isa = PBXFileReference; fileEncoding = 4; lastKnownFileType = sourcecode.swift; path = DGElasticPullToRefreshConstants.swift; sourceTree = "<group>"; };
		CF3B5FF325588D9F00B1D7F6 /* DGElasticPullToRefreshExtensions.swift */ = {isa = PBXFileReference; fileEncoding = 4; lastKnownFileType = sourcecode.swift; path = DGElasticPullToRefreshExtensions.swift; sourceTree = "<group>"; };
		CF3B5FF425588D9F00B1D7F6 /* DGElasticPullToRefreshLoadingView.swift */ = {isa = PBXFileReference; fileEncoding = 4; lastKnownFileType = sourcecode.swift; path = DGElasticPullToRefreshLoadingView.swift; sourceTree = "<group>"; };
/* End PBXFileReference section */

/* Begin PBXFrameworksBuildPhase section */
		05CD14621BBE8FEA00AF4030 /* Frameworks */ = {
			isa = PBXFrameworksBuildPhase;
			buildActionMask = 2147483647;
			files = (
			);
			runOnlyForDeploymentPostprocessing = 0;
		};
/* End PBXFrameworksBuildPhase section */

/* Begin PBXGroup section */
		05CD145C1BBE8FEA00AF4030 = {
			isa = PBXGroup;
			children = (
				05CD14671BBE8FEA00AF4030 /* PSElasticPullToRefreshExample */,
				05CD14661BBE8FEA00AF4030 /* Products */,
			);
			sourceTree = "<group>";
		};
		05CD14661BBE8FEA00AF4030 /* Products */ = {
			isa = PBXGroup;
			children = (
				05CD14651BBE8FEA00AF4030 /* PSElasticPullToRefreshExample.app */,
			);
			name = Products;
			sourceTree = "<group>";
		};
		05CD14671BBE8FEA00AF4030 /* PSElasticPullToRefreshExample */ = {
			isa = PBXGroup;
			children = (
				CF3B5FEF25588D9F00B1D7F6 /* PSElasticPullToRefresh */,
				05CD14681BBE8FEA00AF4030 /* AppDelegate.swift */,
				05CD146A1BBE8FEA00AF4030 /* ViewController.swift */,
				05FAB8BD1BBEF115004922F1 /* NavigationController.swift */,
				05CD146F1BBE8FEA00AF4030 /* Assets.xcassets */,
				05CD14711BBE8FEA00AF4030 /* LaunchScreen.storyboard */,
				05CD14741BBE8FEA00AF4030 /* Info.plist */,
			);
			path = PSElasticPullToRefreshExample;
			sourceTree = "<group>";
		};
		CF3B5FEF25588D9F00B1D7F6 /* PSElasticPullToRefresh */ = {
			isa = PBXGroup;
			children = (
				CF3B5FF025588D9F00B1D7F6 /* DGElasticPullToRefreshLoadingViewCircle.swift */,
				CF3B5FF125588D9F00B1D7F6 /* DGElasticPullToRefreshView.swift */,
				CF3B5FF225588D9F00B1D7F6 /* DGElasticPullToRefreshConstants.swift */,
				CF3B5FF325588D9F00B1D7F6 /* DGElasticPullToRefreshExtensions.swift */,
				CF3B5FF425588D9F00B1D7F6 /* DGElasticPullToRefreshLoadingView.swift */,
			);
			name = PSElasticPullToRefresh;
			path = Sources/PSElasticPullToRefresh;
			sourceTree = SOURCE_ROOT;
		};
/* End PBXGroup section */

/* Begin PBXNativeTarget section */
		05CD14641BBE8FEA00AF4030 /* PSElasticPullToRefreshExample */ = {
			isa = PBXNativeTarget;
			buildConfigurationList = 05CD14771BBE8FEA00AF4030 /* Build configuration list for PBXNativeTarget "PSElasticPullToRefreshExample" */;
			buildPhases = (
				05CD14611BBE8FEA00AF4030 /* Sources */,
				05CD14621BBE8FEA00AF4030 /* Frameworks */,
				05CD14631BBE8FEA00AF4030 /* Resources */,
			);
			buildRules = (
			);
			dependencies = (
			);
			name = PSElasticPullToRefreshExample;
			productName = DGElasticPullToRefreshExample;
			productReference = 05CD14651BBE8FEA00AF4030 /* PSElasticPullToRefreshExample.app */;
			productType = "com.apple.product-type.application";
		};
/* End PBXNativeTarget section */

/* Begin PBXProject section */
		05CD145D1BBE8FEA00AF4030 /* Project object */ = {
			isa = PBXProject;
			attributes = {
				LastUpgradeCheck = 1340;
				ORGANIZATIONNAME = "Danil Gontovnik";
				TargetAttributes = {
					05CD14641BBE8FEA00AF4030 = {
						CreatedOnToolsVersion = 7.0;
						LastSwiftMigration = 1130;
					};
				};
			};
			buildConfigurationList = 05CD14601BBE8FEA00AF4030 /* Build configuration list for PBXProject "PSElasticPullToRefreshExample" */;
			compatibilityVersion = "Xcode 3.2";
			developmentRegion = en;
			hasScannedForEncodings = 0;
			knownRegions = (
				en,
				Base,
			);
			mainGroup = 05CD145C1BBE8FEA00AF4030;
			productRefGroup = 05CD14661BBE8FEA00AF4030 /* Products */;
			projectDirPath = "";
			projectRoot = "";
			targets = (
				05CD14641BBE8FEA00AF4030 /* PSElasticPullToRefreshExample */,
			);
		};
/* End PBXProject section */

/* Begin PBXResourcesBuildPhase section */
		05CD14631BBE8FEA00AF4030 /* Resources */ = {
			isa = PBXResourcesBuildPhase;
			buildActionMask = 2147483647;
			files = (
				05CD14731BBE8FEA00AF4030 /* LaunchScreen.storyboard in Resources */,
				05CD14701BBE8FEA00AF4030 /* Assets.xcassets in Resources */,
			);
			runOnlyForDeploymentPostprocessing = 0;
		};
/* End PBXResourcesBuildPhase section */

/* Begin PBXSourcesBuildPhase section */
		05CD14611BBE8FEA00AF4030 /* Sources */ = {
			isa = PBXSourcesBuildPhase;
			buildActionMask = 2147483647;
			files = (
				CF3B5FF825588D9F00B1D7F6 /* DGElasticPullToRefreshExtensions.swift in Sources */,
				CF3B5FF625588D9F00B1D7F6 /* DGElasticPullToRefreshView.swift in Sources */,
				CF3B5FF925588D9F00B1D7F6 /* DGElasticPullToRefreshLoadingView.swift in Sources */,
				05CD146B1BBE8FEA00AF4030 /* ViewController.swift in Sources */,
				CF3B5FF725588D9F00B1D7F6 /* DGElasticPullToRefreshConstants.swift in Sources */,
				05FAB8BE1BBEF115004922F1 /* NavigationController.swift in Sources */,
				CF3B5FF525588D9F00B1D7F6 /* DGElasticPullToRefreshLoadingViewCircle.swift in Sources */,
				05CD14691BBE8FEA00AF4030 /* AppDelegate.swift in Sources */,
			);
			runOnlyForDeploymentPostprocessing = 0;
		};
/* End PBXSourcesBuildPhase section */

/* Begin PBXVariantGroup section */
		05CD14711BBE8FEA00AF4030 /* LaunchScreen.storyboard */ = {
			isa = PBXVariantGroup;
			children = (
				05CD14721BBE8FEA00AF4030 /* Base */,
			);
			name = LaunchScreen.storyboard;
			sourceTree = "<group>";
		};
/* End PBXVariantGroup section */

/* Begin XCBuildConfiguration section */
		05CD14751BBE8FEA00AF4030 /* Debug */ = {
			isa = XCBuildConfiguration;
			buildSettings = {
				ALWAYS_SEARCH_USER_PATHS = NO;
				CLANG_ANALYZER_LOCALIZABILITY_NONLOCALIZED = YES;
				CLANG_CXX_LANGUAGE_STANDARD = "gnu++0x";
				CLANG_CXX_LIBRARY = "libc++";
				CLANG_ENABLE_MODULES = YES;
				CLANG_ENABLE_OBJC_ARC = YES;
				CLANG_WARN_BLOCK_CAPTURE_AUTORELEASING = YES;
				CLANG_WARN_BOOL_CONVERSION = YES;
				CLANG_WARN_COMMA = YES;
				CLANG_WARN_CONSTANT_CONVERSION = YES;
				CLANG_WARN_DEPRECATED_OBJC_IMPLEMENTATIONS = YES;
				CLANG_WARN_DIRECT_OBJC_ISA_USAGE = YES_ERROR;
				CLANG_WARN_EMPTY_BODY = YES;
				CLANG_WARN_ENUM_CONVERSION = YES;
				CLANG_WARN_INFINITE_RECURSION = YES;
				CLANG_WARN_INT_CONVERSION = YES;
				CLANG_WARN_NON_LITERAL_NULL_CONVERSION = YES;
				CLANG_WARN_OBJC_IMPLICIT_RETAIN_SELF = YES;
				CLANG_WARN_OBJC_LITERAL_CONVERSION = YES;
				CLANG_WARN_OBJC_ROOT_CLASS = YES_ERROR;
				CLANG_WARN_QUOTED_INCLUDE_IN_FRAMEWORK_HEADER = YES;
				CLANG_WARN_RANGE_LOOP_ANALYSIS = YES;
				CLANG_WARN_STRICT_PROTOTYPES = YES;
				CLANG_WARN_SUSPICIOUS_MOVE = YES;
				CLANG_WARN_UNREACHABLE_CODE = YES;
				CLANG_WARN__DUPLICATE_METHOD_MATCH = YES;
				"CODE_SIGN_IDENTITY[sdk=iphoneos*]" = "iPhone Developer";
				COPY_PHASE_STRIP = NO;
				DEBUG_INFORMATION_FORMAT = dwarf;
				ENABLE_STRICT_OBJC_MSGSEND = YES;
				ENABLE_TESTABILITY = YES;
				GCC_C_LANGUAGE_STANDARD = gnu99;
				GCC_DYNAMIC_NO_PIC = NO;
				GCC_NO_COMMON_BLOCKS = YES;
				GCC_OPTIMIZATION_LEVEL = 0;
				GCC_PREPROCESSOR_DEFINITIONS = (
					"DEBUG=1",
					"$(inherited)",
				);
				GCC_WARN_64_TO_32_BIT_CONVERSION = YES;
				GCC_WARN_ABOUT_RETURN_TYPE = YES_ERROR;
				GCC_WARN_UNDECLARED_SELECTOR = YES;
				GCC_WARN_UNINITIALIZED_AUTOS = YES_AGGRESSIVE;
				GCC_WARN_UNUSED_FUNCTION = YES;
				GCC_WARN_UNUSED_VARIABLE = YES;
				IPHONEOS_DEPLOYMENT_TARGET = 12.0;
				MTL_ENABLE_DEBUG_INFO = YES;
				ONLY_ACTIVE_ARCH = YES;
				SDKROOT = iphoneos;
				SWIFT_OPTIMIZATION_LEVEL = "-Onone";
				TARGETED_DEVICE_FAMILY = "1,2";
			};
			name = Debug;
		};
		05CD14761BBE8FEA00AF4030 /* Release */ = {
			isa = XCBuildConfiguration;
			buildSettings = {
				ALWAYS_SEARCH_USER_PATHS = NO;
				CLANG_ANALYZER_LOCALIZABILITY_NONLOCALIZED = YES;
				CLANG_CXX_LANGUAGE_STANDARD = "gnu++0x";
				CLANG_CXX_LIBRARY = "libc++";
				CLANG_ENABLE_MODULES = YES;
				CLANG_ENABLE_OBJC_ARC = YES;
				CLANG_WARN_BLOCK_CAPTURE_AUTORELEASING = YES;
				CLANG_WARN_BOOL_CONVERSION = YES;
				CLANG_WARN_COMMA = YES;
				CLANG_WARN_CONSTANT_CONVERSION = YES;
				CLANG_WARN_DEPRECATED_OBJC_IMPLEMENTATIONS = YES;
				CLANG_WARN_DIRECT_OBJC_ISA_USAGE = YES_ERROR;
				CLANG_WARN_EMPTY_BODY = YES;
				CLANG_WARN_ENUM_CONVERSION = YES;
				CLANG_WARN_INFINITE_RECURSION = YES;
				CLANG_WARN_INT_CONVERSION = YES;
				CLANG_WARN_NON_LITERAL_NULL_CONVERSION = YES;
				CLANG_WARN_OBJC_IMPLICIT_RETAIN_SELF = YES;
				CLANG_WARN_OBJC_LITERAL_CONVERSION = YES;
				CLANG_WARN_OBJC_ROOT_CLASS = YES_ERROR;
				CLANG_WARN_QUOTED_INCLUDE_IN_FRAMEWORK_HEADER = YES;
				CLANG_WARN_RANGE_LOOP_ANALYSIS = YES;
				CLANG_WARN_STRICT_PROTOTYPES = YES;
				CLANG_WARN_SUSPICIOUS_MOVE = YES;
				CLANG_WARN_UNREACHABLE_CODE = YES;
				CLANG_WARN__DUPLICATE_METHOD_MATCH = YES;
				"CODE_SIGN_IDENTITY[sdk=iphoneos*]" = "iPhone Developer";
				COPY_PHASE_STRIP = NO;
				DEBUG_INFORMATION_FORMAT = "dwarf-with-dsym";
				ENABLE_NS_ASSERTIONS = NO;
				ENABLE_STRICT_OBJC_MSGSEND = YES;
				GCC_C_LANGUAGE_STANDARD = gnu99;
				GCC_NO_COMMON_BLOCKS = YES;
				GCC_WARN_64_TO_32_BIT_CONVERSION = YES;
				GCC_WARN_ABOUT_RETURN_TYPE = YES_ERROR;
				GCC_WARN_UNDECLARED_SELECTOR = YES;
				GCC_WARN_UNINITIALIZED_AUTOS = YES_AGGRESSIVE;
				GCC_WARN_UNUSED_FUNCTION = YES;
				GCC_WARN_UNUSED_VARIABLE = YES;
				IPHONEOS_DEPLOYMENT_TARGET = 12.0;
				MTL_ENABLE_DEBUG_INFO = NO;
				SDKROOT = iphoneos;
				SWIFT_COMPILATION_MODE = wholemodule;
				TARGETED_DEVICE_FAMILY = "1,2";
				VALIDATE_PRODUCT = YES;
			};
			name = Release;
		};
		05CD14781BBE8FEA00AF4030 /* Debug */ = {
			isa = XCBuildConfiguration;
			buildSettings = {
				ASSETCATALOG_COMPILER_APPICON_NAME = AppIcon;
				INFOPLIST_FILE = PSElasticPullToRefreshExample/Info.plist;
				IPHONEOS_DEPLOYMENT_TARGET = 12.0;
				LD_RUNPATH_SEARCH_PATHS = "$(inherited) @executable_path/Frameworks";
				PRODUCT_BUNDLE_IDENTIFIER = com.parhelionsoftware.PSElasticPullToRefresh;
				PRODUCT_NAME = PSElasticPullToRefreshExample;
				SWIFT_SWIFT3_OBJC_INFERENCE = On;
				SWIFT_VERSION = 5.0;
			};
			name = Debug;
		};
		05CD14791BBE8FEA00AF4030 /* Release */ = {
			isa = XCBuildConfiguration;
			buildSettings = {
				ASSETCATALOG_COMPILER_APPICON_NAME = AppIcon;
				INFOPLIST_FILE = PSElasticPullToRefreshExample/Info.plist;
				IPHONEOS_DEPLOYMENT_TARGET = 12.0;
				LD_RUNPATH_SEARCH_PATHS = "$(inherited) @executable_path/Frameworks";
				PRODUCT_BUNDLE_IDENTIFIER = com.parhelionsoftware.PSElasticPullToRefresh;
				PRODUCT_NAME = PSElasticPullToRefreshExample;
				SWIFT_SWIFT3_OBJC_INFERENCE = On;
				SWIFT_VERSION = 5.0;
			};
			name = Release;
		};
/* End XCBuildConfiguration section */

/* Begin XCConfigurationList section */
		05CD14601BBE8FEA00AF4030 /* Build configuration list for PBXProject "PSElasticPullToRefreshExample" */ = {
			isa = XCConfigurationList;
			buildConfigurations = (
				05CD14751BBE8FEA00AF4030 /* Debug */,
				05CD14761BBE8FEA00AF4030 /* Release */,
			);
			defaultConfigurationIsVisible = 0;
			defaultConfigurationName = Release;
		};
		05CD14771BBE8FEA00AF4030 /* Build configuration list for PBXNativeTarget "PSElasticPullToRefreshExample" */ = {
			isa = XCConfigurationList;
			buildConfigurations = (
				05CD14781BBE8FEA00AF4030 /* Debug */,
				05CD14791BBE8FEA00AF4030 /* Release */,
			);
			defaultConfigurationIsVisible = 0;
			defaultConfigurationName = Release;
		};
/* End XCConfigurationList section */
	};
	rootObject = 05CD145D1BBE8FEA00AF4030 /* Project object */;
}
